github.com/dave/jennifer v1.7.1 h1:B4jJJDHelWcDhlRQxWeo0Npa/pYKBLrirAQoTN45txo=
github.com/dave/jennifer v1.7.1/go.mod h1:nXbxhEmQfOZhWml3D1cDK5M1FLnMSozpbFN/m3RmGZc=
github.com/go-clang/bootstrap v0.14.0 h1:pT2dHsqEfW3zxzNibo1svrtpbh+s/ET6SNohFaIakYM=
github.com/go-clang/bootstrap v0.14.0/go.mod h1:a4EmDb8BXcdDBkMbvviEzrDd2LNZXqY7PwHmeyHKy1k=
